
Microsoft Visual Studio Solution File, Format Version 12.00
# Visual Studio Version 17
VisualStudioVersion = 17.10.35122.118
MinimumVisualStudioVersion = 10.0.40219.1
Project("{FAE04EC0-301F-11D3-BF4B-00C04F79EFBC}") = "Auth", "Auth\Auth.csproj", "{B842FD67-9E9C-42A2-8591-90E7B0EF7FAC}"
EndProject
Global
	GlobalSection(SolutionConfigurationPlatforms) = preSolution
		Debug|Any CPU = Debug|Any CPU
		Release|Any CPU = Release|Any CPU
	EndGlobalSection
	GlobalSection(ProjectConfigurationPlatforms) = postSolution
		{B842FD67-9E9C-42A2-8591-90E7B0EF7FAC}.Debug|Any CPU.ActiveCfg = Debug|Any CPU
		{B842FD67-9E9C-42A2-8591-90E7B0EF7FAC}.Debug|Any CPU.Build.0 = Debug|Any CPU
		{B842FD67-9E9C-42A2-8591-90E7B0EF7FAC}.Release|Any CPU.ActiveCfg = Release|Any CPU
		{B842FD67-9E9C-42A2-8591-90E7B0EF7FAC}.Release|Any CPU.Build.0 = Release|Any CPU
	EndGlobalSection
	GlobalSection(SolutionProperties) = preSolution
		HideSolutionNode = FALSE
	EndGlobalSection
	GlobalSection(ExtensibilityGlobals) = postSolution
		SolutionGuid = {B7F33EB5-E9A8-4B0F-A915-EC1D125D5D0C}
	EndGlobalSection
EndGlobal
